
Microsoft Visual Studio Solution File, Format Version 12.00
# Visual Studio Version 17
VisualStudioVersion = 17.4.33213.308
MinimumVisualStudioVersion = 10.0.40219.1
Project("{FAE04EC0-301F-11D3-BF4B-00C04F79EFBC}") = "Empleados", "Empleados\Empleados.csproj", "{CDCFF33C-0B05-4B10-8F40-1963D279314A}"
EndProject
Global
	GlobalSection(SolutionConfigurationPlatforms) = preSolution
		Debug|Any CPU = Debug|Any CPU
		Release|Any CPU = Release|Any CPU
	EndGlobalSection
	GlobalSection(ProjectConfigurationPlatforms) = postSolution
		{CDCFF33C-0B05-4B10-8F40-1963D279314A}.Debug|Any CPU.ActiveCfg = Debug|Any CPU
		{CDCFF33C-0B05-4B10-8F40-1963D279314A}.Debug|Any CPU.Build.0 = Debug|Any CPU
		{CDCFF33C-0B05-4B10-8F40-1963D279314A}.Release|Any CPU.ActiveCfg = Release|Any CPU
		{CDCFF33C-0B05-4B10-8F40-1963D279314A}.Release|Any CPU.Build.0 = Release|Any CPU
	EndGlobalSection
	GlobalSection(SolutionProperties) = preSolution
		HideSolutionNode = FALSE
	EndGlobalSection
	GlobalSection(ExtensibilityGlobals) = postSolution
		SolutionGuid = {CF5131CF-8669-49F1-B845-F11E9D07ADD0}
	EndGlobalSection
EndGlobal
